
Microsoft Visual Studio Solution File, Format Version 12.00
# Visual Studio Version 17
VisualStudioVersion = 17.1.32228.430
MinimumVisualStudioVersion = 10.0.40219.1
Project("{FAE04EC0-301F-11D3-BF4B-00C04F79EFBC}") = "Vista", "Vista\Vista.csproj", "{444A522A-5923-4379-B360-980C0CC6AC40}"
EndProject
Project("{FAE04EC0-301F-11D3-BF4B-00C04F79EFBC}") = "Logica", "Logica\Logica.csproj", "{9A3E0D04-95F2-4FE9-856E-FC812EACE9C8}"
EndProject
Global
	GlobalSection(SolutionConfigurationPlatforms) = preSolution
		Debug|Any CPU = Debug|Any CPU
		Release|Any CPU = Release|Any CPU
	EndGlobalSection
	GlobalSection(ProjectConfigurationPlatforms) = postSolution
		{444A522A-5923-4379-B360-980C0CC6AC40}.Debug|Any CPU.ActiveCfg = Debug|Any CPU
		{444A522A-5923-4379-B360-980C0CC6AC40}.Debug|Any CPU.Build.0 = Debug|Any CPU
		{444A522A-5923-4379-B360-980C0CC6AC40}.Release|Any CPU.ActiveCfg = Release|Any CPU
		{444A522A-5923-4379-B360-980C0CC6AC40}.Release|Any CPU.Build.0 = Release|Any CPU
		{9A3E0D04-95F2-4FE9-856E-FC812EACE9C8}.Debug|Any CPU.ActiveCfg = Debug|Any CPU
		{9A3E0D04-95F2-4FE9-856E-FC812EACE9C8}.Debug|Any CPU.Build.0 = Debug|Any CPU
		{9A3E0D04-95F2-4FE9-856E-FC812EACE9C8}.Release|Any CPU.ActiveCfg = Release|Any CPU
		{9A3E0D04-95F2-4FE9-856E-FC812EACE9C8}.Release|Any CPU.Build.0 = Release|Any CPU
	EndGlobalSection
	GlobalSection(SolutionProperties) = preSolution
		HideSolutionNode = FALSE
	EndGlobalSection
	GlobalSection(ExtensibilityGlobals) = postSolution
		SolutionGuid = {A930D7A7-B3A8-4B66-B993-CB33C35AA09E}
	EndGlobalSection
EndGlobal
